{
  "name": "toui-skill",
  "version": "1.0.0",
  "lockfileVersion": 3,
  "requires": true,
  "packages": {
    "": {
      "name": "toui-skill",
      "version": "1.0.0",
      "dependencies": {
        "toui-js": "^0.1.0"
      }
    },
    "node_modules/toui-js": {
      "version": "0.1.0",
      "resolved": "https://registry.npmjs.org/toui-js/-/toui-js-0.1.0.tgz",
      "integrity": "sha512-9j9XOdRhPRfy8EsEU6qmszugjog4v3Cl7RGSMfiov7xJbDWgSkHqfVtC/vpKjLd8mw+j4WJ1SoOk8Ke9mCGHgg==",
      "license": "MIT",
      "engines": {
        "node": ">=18"
      }
    }
  }
}
